{
  "pins" : [
    {
      "identity" : "alamofire",
      "kind" : "remoteSourceControl",
      "location" : "https://github.com/Alamofire/Alamofire",
      "state" : {
        "revision" : "bc268c28fb170f494de9e9927c371b8342979ece",
        "version" : "5.7.1"
      }
    },
    {
      "identity" : "customalert",
      "kind" : "remoteSourceControl",
      "location" : "https://github.com/divadretlaw/CustomAlert",
      "state" : {
        "branch" : "main",
        "revision" : "ac27bcfa90ec2edbb650622d8e4ca607e626cade"
      }
    },
    {
      "identity" : "slidingtabview",
      "kind" : "remoteSourceControl",
      "location" : "https://github.com/QuynhNguyen/SlidingTabView",
      "state" : {
        "revision" : "b0f0662977418824d50546b2850a523dcd793bb0",
        "version" : "1.0.2"
      }
    },
    {
      "identity" : "windowscenereader",
      "kind" : "remoteSourceControl",
      "location" : "https://github.com/divadretlaw/WindowSceneReader",
      "state" : {
        "revision" : "8700ee5260654666a63d8a21581a63a2972baf32",
        "version" : "1.1.0"
      }
    }
  ],
  "version" : 2
}
