// !$*UTF8*$!
{
	archiveVersion = 1;
	classes = {
	};
	objectVersion = 56;
	objects = {

/* Begin PBXBuildFile section */
		C42166DA2A56D41C009DE86D /* SearchViewSection.swift in Sources */ = {isa = PBXBuildFile; fileRef = C42166D92A56D41C009DE86D /* SearchViewSection.swift */; };
		C42166DD2A56E28F009DE86D /* Lottie in Frameworks */ = {isa = PBXBuildFile; productRef = C42166DC2A56E28F009DE86D /* Lottie */; };
		C42166DF2A56E3B2009DE86D /* search.json in Resources */ = {isa = PBXBuildFile; fileRef = C42166DE2A56E3B2009DE86D /* search.json */; };
		C4317B0F2A44027500DA8C2F /* MobioOwnApp.swift in Sources */ = {isa = PBXBuildFile; fileRef = C4317B0E2A44027500DA8C2F /* MobioOwnApp.swift */; };
		C4317B112A44027500DA8C2F /* ContentView.swift in Sources */ = {isa = PBXBuildFile; fileRef = C4317B102A44027500DA8C2F /* ContentView.swift */; };
		C4317B132A44027700DA8C2F /* Assets.xcassets in Resources */ = {isa = PBXBuildFile; fileRef = C4317B122A44027700DA8C2F /* Assets.xcassets */; };
		C4317B162A44027700DA8C2F /* Preview Assets.xcassets in Resources */ = {isa = PBXBuildFile; fileRef = C4317B152A44027700DA8C2F /* Preview Assets.xcassets */; };
		C4317B1E2A44089000DA8C2F /* SlidingTabView in Frameworks */ = {isa = PBXBuildFile; productRef = C4317B1D2A44089000DA8C2F /* SlidingTabView */; };
		C4317B202A440DEF00DA8C2F /* TestView.swift in Sources */ = {isa = PBXBuildFile; fileRef = C4317B1F2A440DEF00DA8C2F /* TestView.swift */; };
		C4317B242A44168B00DA8C2F /* LoginView.swift in Sources */ = {isa = PBXBuildFile; fileRef = C4317B232A44168B00DA8C2F /* LoginView.swift */; };
		C4317B262A4416B500DA8C2F /* RegistrationView.swift in Sources */ = {isa = PBXBuildFile; fileRef = C4317B252A4416B500DA8C2F /* RegistrationView.swift */; };
		C4317B2C2A45551A00DA8C2F /* NetworkManager.swift in Sources */ = {isa = PBXBuildFile; fileRef = C4317B2B2A45551A00DA8C2F /* NetworkManager.swift */; };
		C4317B2F2A45553E00DA8C2F /* Alamofire in Frameworks */ = {isa = PBXBuildFile; productRef = C4317B2E2A45553E00DA8C2F /* Alamofire */; };
		C4317B322A45555800DA8C2F /* TokenModel.swift in Sources */ = {isa = PBXBuildFile; fileRef = C4317B312A45555700DA8C2F /* TokenModel.swift */; };
		C4317B352A45558F00DA8C2F /* UserDefaultsManager.swift in Sources */ = {isa = PBXBuildFile; fileRef = C4317B342A45558F00DA8C2F /* UserDefaultsManager.swift */; };
		C4317B382A45575100DA8C2F /* HomeScreen.swift in Sources */ = {isa = PBXBuildFile; fileRef = C4317B372A45575100DA8C2F /* HomeScreen.swift */; };
		C4317B3B2A45586000DA8C2F /* LoginViewModel.swift in Sources */ = {isa = PBXBuildFile; fileRef = C4317B3A2A45586000DA8C2F /* LoginViewModel.swift */; };
		C4317B3E2A4559AE00DA8C2F /* CustomAlert in Frameworks */ = {isa = PBXBuildFile; productRef = C4317B3D2A4559AE00DA8C2F /* CustomAlert */; };
		C4487D6F2A4606BD0031FE42 /* StarterScreen.swift in Sources */ = {isa = PBXBuildFile; fileRef = C4487D6E2A4606BD0031FE42 /* StarterScreen.swift */; };
		C4487D732A460D380031FE42 /* StarterScreenViewModel.swift in Sources */ = {isa = PBXBuildFile; fileRef = C4487D722A460D380031FE42 /* StarterScreenViewModel.swift */; };
		C4487D772A46109E0031FE42 /* AuthorizationScreen.swift in Sources */ = {isa = PBXBuildFile; fileRef = C4487D762A46109E0031FE42 /* AuthorizationScreen.swift */; };
		C4487D7B2A4612D30031FE42 /* HomeScreenViewModel.swift in Sources */ = {isa = PBXBuildFile; fileRef = C4487D7A2A4612D30031FE42 /* HomeScreenViewModel.swift */; };
		C4492BB22A5BCC6F001850EE /* CategoryProductsModel.swift in Sources */ = {isa = PBXBuildFile; fileRef = C4492BB12A5BCC6F001850EE /* CategoryProductsModel.swift */; };
		C4492BB52A5BDCD6001850EE /* CategoryDetailView.swift in Sources */ = {isa = PBXBuildFile; fileRef = C4492BB42A5BDCD6001850EE /* CategoryDetailView.swift */; };
		C4492BB72A5BDCF6001850EE /* CategoryDetailViewModel.swift in Sources */ = {isa = PBXBuildFile; fileRef = C4492BB62A5BDCF6001850EE /* CategoryDetailViewModel.swift */; };
		C4492BB92A5C22DC001850EE /* DetailProduct.swift in Sources */ = {isa = PBXBuildFile; fileRef = C4492BB82A5C22DC001850EE /* DetailProduct.swift */; };
		C4492BBC2A5C231C001850EE /* DetailProductViewModel.swift in Sources */ = {isa = PBXBuildFile; fileRef = C4492BBB2A5C231C001850EE /* DetailProductViewModel.swift */; };
		C4492BBE2A5C2A59001850EE /* ProductModel.swift in Sources */ = {isa = PBXBuildFile; fileRef = C4492BBD2A5C2A59001850EE /* ProductModel.swift */; };
		C4980C3C2A498F8500307882 /* RegistrationModel.swift in Sources */ = {isa = PBXBuildFile; fileRef = C4980C3B2A498F8500307882 /* RegistrationModel.swift */; };
		C4A3E9F42A4AABA800F75357 /* HomeScreenModel.swift in Sources */ = {isa = PBXBuildFile; fileRef = C4A3E9F32A4AABA800F75357 /* HomeScreenModel.swift */; };
		C4A3E9F62A4AB62A00F75357 /* HomeViewSection.swift in Sources */ = {isa = PBXBuildFile; fileRef = C4A3E9F52A4AB62A00F75357 /* HomeViewSection.swift */; };
		C4A3E9F92A4AB6D400F75357 /* HomeViewSectionViewModel.swift in Sources */ = {isa = PBXBuildFile; fileRef = C4A3E9F82A4AB6D400F75357 /* HomeViewSectionViewModel.swift */; };
		C4A4FFEC2A53EF3300A23F87 /* MainProductsView.swift in Sources */ = {isa = PBXBuildFile; fileRef = C4A4FFEB2A53EF3300A23F87 /* MainProductsView.swift */; };
		C4A4FFEE2A53EF7E00A23F87 /* MainProductsViewModel.swift in Sources */ = {isa = PBXBuildFile; fileRef = C4A4FFED2A53EF7E00A23F87 /* MainProductsViewModel.swift */; };
		C4A4FFF02A53F08800A23F87 /* MainProductsModel.swift in Sources */ = {isa = PBXBuildFile; fileRef = C4A4FFEF2A53F08800A23F87 /* MainProductsModel.swift */; };
		C4A4FFF32A55421600A23F87 /* MainProductsCard.swift in Sources */ = {isa = PBXBuildFile; fileRef = C4A4FFF22A55421600A23F87 /* MainProductsCard.swift */; };
		C4A4FFF52A5557AA00A23F87 /* MainChildProductsModel.swift in Sources */ = {isa = PBXBuildFile; fileRef = C4A4FFF42A5557AA00A23F87 /* MainChildProductsModel.swift */; };
		C4A4FFF82A55715B00A23F87 /* ChildProductsView.swift in Sources */ = {isa = PBXBuildFile; fileRef = C4A4FFF72A55715B00A23F87 /* ChildProductsView.swift */; };
		C4A4FFFA2A55718400A23F87 /* ChildProductsViewModel.swift in Sources */ = {isa = PBXBuildFile; fileRef = C4A4FFF92A55718400A23F87 /* ChildProductsViewModel.swift */; };
		C4B2A3042A49753B006761C4 /* RegistrationViewModel.swift in Sources */ = {isa = PBXBuildFile; fileRef = C4B2A3032A49753B006761C4 /* RegistrationViewModel.swift */; };
		C4C775FD2A4AA0A20040F75E /* TabbarView.swift in Sources */ = {isa = PBXBuildFile; fileRef = C4C775FC2A4AA0A20040F75E /* TabbarView.swift */; };
		C4F3D36E2A5D15CE0031E939 /* BasketViewSection.swift in Sources */ = {isa = PBXBuildFile; fileRef = C4F3D36D2A5D15CE0031E939 /* BasketViewSection.swift */; };
		C4F3D3702A5D16400031E939 /* empty.json in Resources */ = {isa = PBXBuildFile; fileRef = C4F3D36F2A5D16400031E939 /* empty.json */; };
		C4F4CE532A52A02D00633965 /* SDWebImageSwiftUI in Frameworks */ = {isa = PBXBuildFile; productRef = C4F4CE522A52A02D00633965 /* SDWebImageSwiftUI */; };
		C4F4CE562A53DC0400633965 /* DetailCategoryScreen.swift in Sources */ = {isa = PBXBuildFile; fileRef = C4F4CE552A53DC0400633965 /* DetailCategoryScreen.swift */; };
/* End PBXBuildFile section */

/* Begin PBXFileReference section */
		C42166D92A56D41C009DE86D /* SearchViewSection.swift */ = {isa = PBXFileReference; lastKnownFileType = sourcecode.swift; path = SearchViewSection.swift; sourceTree = "<group>"; };
		C42166DE2A56E3B2009DE86D /* search.json */ = {isa = PBXFileReference; fileEncoding = 4; lastKnownFileType = text.json; path = search.json; sourceTree = "<group>"; };
		C4317B0B2A44027500DA8C2F /* MobioOwn.app */ = {isa = PBXFileReference; explicitFileType = wrapper.application; includeInIndex = 0; path = MobioOwn.app; sourceTree = BUILT_PRODUCTS_DIR; };
		C4317B0E2A44027500DA8C2F /* MobioOwnApp.swift */ = {isa = PBXFileReference; lastKnownFileType = sourcecode.swift; path = MobioOwnApp.swift; sourceTree = "<group>"; };
		C4317B102A44027500DA8C2F /* ContentView.swift */ = {isa = PBXFileReference; lastKnownFileType = sourcecode.swift; path = ContentView.swift; sourceTree = "<group>"; };
		C4317B122A44027700DA8C2F /* Assets.xcassets */ = {isa = PBXFileReference; lastKnownFileType = folder.assetcatalog; path = Assets.xcassets; sourceTree = "<group>"; };
		C4317B152A44027700DA8C2F /* Preview Assets.xcassets */ = {isa = PBXFileReference; lastKnownFileType = folder.assetcatalog; path = "Preview Assets.xcassets"; sourceTree = "<group>"; };
		C4317B1F2A440DEF00DA8C2F /* TestView.swift */ = {isa = PBXFileReference; lastKnownFileType = sourcecode.swift; path = TestView.swift; sourceTree = "<group>"; };
		C4317B232A44168B00DA8C2F /* LoginView.swift */ = {isa = PBXFileReference; lastKnownFileType = sourcecode.swift; path = LoginView.swift; sourceTree = "<group>"; };
		C4317B252A4416B500DA8C2F /* RegistrationView.swift */ = {isa = PBXFileReference; lastKnownFileType = sourcecode.swift; path = RegistrationView.swift; sourceTree = "<group>"; };
		C4317B2B2A45551A00DA8C2F /* NetworkManager.swift */ = {isa = PBXFileReference; lastKnownFileType = sourcecode.swift; path = NetworkManager.swift; sourceTree = "<group>"; };
		C4317B312A45555700DA8C2F /* TokenModel.swift */ = {isa = PBXFileReference; lastKnownFileType = sourcecode.swift; path = TokenModel.swift; sourceTree = "<group>"; };
		C4317B342A45558F00DA8C2F /* UserDefaultsManager.swift */ = {isa = PBXFileReference; lastKnownFileType = sourcecode.swift; path = UserDefaultsManager.swift; sourceTree = "<group>"; };
		C4317B372A45575100DA8C2F /* HomeScreen.swift */ = {isa = PBXFileReference; lastKnownFileType = sourcecode.swift; path = HomeScreen.swift; sourceTree = "<group>"; };
		C4317B3A2A45586000DA8C2F /* LoginViewModel.swift */ = {isa = PBXFileReference; lastKnownFileType = sourcecode.swift; path = LoginViewModel.swift; sourceTree = "<group>"; };
		C4487D6E2A4606BD0031FE42 /* StarterScreen.swift */ = {isa = PBXFileReference; lastKnownFileType = sourcecode.swift; path = StarterScreen.swift; sourceTree = "<group>"; };
		C4487D722A460D380031FE42 /* StarterScreenViewModel.swift */ = {isa = PBXFileReference; lastKnownFileType = sourcecode.swift; path = StarterScreenViewModel.swift; sourceTree = "<group>"; };
		C4487D762A46109E0031FE42 /* AuthorizationScreen.swift */ = {isa = PBXFileReference; lastKnownFileType = sourcecode.swift; path = AuthorizationScreen.swift; sourceTree = "<group>"; };
		C4487D7A2A4612D30031FE42 /* HomeScreenViewModel.swift */ = {isa = PBXFileReference; lastKnownFileType = sourcecode.swift; path = HomeScreenViewModel.swift; sourceTree = "<group>"; };
		C4492BB12A5BCC6F001850EE /* CategoryProductsModel.swift */ = {isa = PBXFileReference; lastKnownFileType = sourcecode.swift; path = CategoryProductsModel.swift; sourceTree = "<group>"; };
		C4492BB42A5BDCD6001850EE /* CategoryDetailView.swift */ = {isa = PBXFileReference; lastKnownFileType = sourcecode.swift; path = CategoryDetailView.swift; sourceTree = "<group>"; };
		C4492BB62A5BDCF6001850EE /* CategoryDetailViewModel.swift */ = {isa = PBXFileReference; lastKnownFileType = sourcecode.swift; path = CategoryDetailViewModel.swift; sourceTree = "<group>"; };
		C4492BB82A5C22DC001850EE /* DetailProduct.swift */ = {isa = PBXFileReference; lastKnownFileType = sourcecode.swift; path = DetailProduct.swift; sourceTree = "<group>"; };
		C4492BBB2A5C231C001850EE /* DetailProductViewModel.swift */ = {isa = PBXFileReference; lastKnownFileType = sourcecode.swift; path = DetailProductViewModel.swift; sourceTree = "<group>"; };
		C4492BBD2A5C2A59001850EE /* ProductModel.swift */ = {isa = PBXFileReference; lastKnownFileType = sourcecode.swift; path = ProductModel.swift; sourceTree = "<group>"; };
		C4980C3B2A498F8500307882 /* RegistrationModel.swift */ = {isa = PBXFileReference; lastKnownFileType = sourcecode.swift; path = RegistrationModel.swift; sourceTree = "<group>"; };
		C4A3E9F32A4AABA800F75357 /* HomeScreenModel.swift */ = {isa = PBXFileReference; lastKnownFileType = sourcecode.swift; path = HomeScreenModel.swift; sourceTree = "<group>"; };
		C4A3E9F52A4AB62A00F75357 /* HomeViewSection.swift */ = {isa = PBXFileReference; lastKnownFileType = sourcecode.swift; path = HomeViewSection.swift; sourceTree = "<group>"; };
		C4A3E9F82A4AB6D400F75357 /* HomeViewSectionViewModel.swift */ = {isa = PBXFileReference; lastKnownFileType = sourcecode.swift; path = HomeViewSectionViewModel.swift; sourceTree = "<group>"; };
		C4A4FFEB2A53EF3300A23F87 /* MainProductsView.swift */ = {isa = PBXFileReference; lastKnownFileType = sourcecode.swift; path = MainProductsView.swift; sourceTree = "<group>"; };
		C4A4FFED2A53EF7E00A23F87 /* MainProductsViewModel.swift */ = {isa = PBXFileReference; lastKnownFileType = sourcecode.swift; path = MainProductsViewModel.swift; sourceTree = "<group>"; };
		C4A4FFEF2A53F08800A23F87 /* MainProductsModel.swift */ = {isa = PBXFileReference; lastKnownFileType = sourcecode.swift; path = MainProductsModel.swift; sourceTree = "<group>"; };
		C4A4FFF22A55421600A23F87 /* MainProductsCard.swift */ = {isa = PBXFileReference; lastKnownFileType = sourcecode.swift; path = MainProductsCard.swift; sourceTree = "<group>"; };
		C4A4FFF42A5557AA00A23F87 /* MainChildProductsModel.swift */ = {isa = PBXFileReference; lastKnownFileType = sourcecode.swift; path = MainChildProductsModel.swift; sourceTree = "<group>"; };
		C4A4FFF72A55715B00A23F87 /* ChildProductsView.swift */ = {isa = PBXFileReference; lastKnownFileType = sourcecode.swift; path = ChildProductsView.swift; sourceTree = "<group>"; };
		C4A4FFF92A55718400A23F87 /* ChildProductsViewModel.swift */ = {isa = PBXFileReference; lastKnownFileType = sourcecode.swift; path = ChildProductsViewModel.swift; sourceTree = "<group>"; };
		C4B2A3032A49753B006761C4 /* RegistrationViewModel.swift */ = {isa = PBXFileReference; lastKnownFileType = sourcecode.swift; path = RegistrationViewModel.swift; sourceTree = "<group>"; };
		C4C775FC2A4AA0A20040F75E /* TabbarView.swift */ = {isa = PBXFileReference; lastKnownFileType = sourcecode.swift; path = TabbarView.swift; sourceTree = "<group>"; };
		C4F3D36D2A5D15CE0031E939 /* BasketViewSection.swift */ = {isa = PBXFileReference; lastKnownFileType = sourcecode.swift; path = BasketViewSection.swift; sourceTree = "<group>"; };
		C4F3D36F2A5D16400031E939 /* empty.json */ = {isa = PBXFileReference; fileEncoding = 4; lastKnownFileType = text.json; path = empty.json; sourceTree = "<group>"; };
		C4F4CE552A53DC0400633965 /* DetailCategoryScreen.swift */ = {isa = PBXFileReference; lastKnownFileType = sourcecode.swift; path = DetailCategoryScreen.swift; sourceTree = "<group>"; };
/* End PBXFileReference section */

/* Begin PBXFrameworksBuildPhase section */
		C4317B082A44027500DA8C2F /* Frameworks */ = {
			isa = PBXFrameworksBuildPhase;
			buildActionMask = 2147483647;
			files = (
				C42166DD2A56E28F009DE86D /* Lottie in Frameworks */,
				C4F4CE532A52A02D00633965 /* SDWebImageSwiftUI in Frameworks */,
				C4317B1E2A44089000DA8C2F /* SlidingTabView in Frameworks */,
				C4317B3E2A4559AE00DA8C2F /* CustomAlert in Frameworks */,
				C4317B2F2A45553E00DA8C2F /* Alamofire in Frameworks */,
			);
			runOnlyForDeploymentPostprocessing = 0;
		};
/* End PBXFrameworksBuildPhase section */

/* Begin PBXGroup section */
		C42166D82A56D402009DE86D /* Search Section */ = {
			isa = PBXGroup;
			children = (
				C42166D92A56D41C009DE86D /* SearchViewSection.swift */,
				C42166DE2A56E3B2009DE86D /* search.json */,
			);
			path = "Search Section";
			sourceTree = "<group>";
		};
		C4317B022A44027500DA8C2F = {
			isa = PBXGroup;
			children = (
				C4317B0D2A44027500DA8C2F /* MobioOwn */,
				C4317B0C2A44027500DA8C2F /* Products */,
			);
			sourceTree = "<group>";
		};
		C4317B0C2A44027500DA8C2F /* Products */ = {
			isa = PBXGroup;
			children = (
				C4317B0B2A44027500DA8C2F /* MobioOwn.app */,
			);
			name = Products;
			sourceTree = "<group>";
		};
		C4317B0D2A44027500DA8C2F /* MobioOwn */ = {
			isa = PBXGroup;
			children = (
				C4317B282A441AA300DA8C2F /* App utils */,
				C4317B292A45543E00DA8C2F /* Screens */,
				C4317B2A2A45550A00DA8C2F /* Networking */,
				C4317B332A45557D00DA8C2F /* Storage */,
				C4317B302A45554C00DA8C2F /* Models */,
				C4317B122A44027700DA8C2F /* Assets.xcassets */,
				C4317B142A44027700DA8C2F /* Preview Content */,
				C4317B1F2A440DEF00DA8C2F /* TestView.swift */,
			);
			path = MobioOwn;
			sourceTree = "<group>";
		};
		C4317B142A44027700DA8C2F /* Preview Content */ = {
			isa = PBXGroup;
			children = (
				C4317B152A44027700DA8C2F /* Preview Assets.xcassets */,
			);
			path = "Preview Content";
			sourceTree = "<group>";
		};
		C4317B272A441A7F00DA8C2F /* Authorization */ = {
			isa = PBXGroup;
			children = (
				C4487D762A46109E0031FE42 /* AuthorizationScreen.swift */,
				C4317B392A45585300DA8C2F /* Login */,
				C4487D7C2A494EA10031FE42 /* Registration */,
			);
			path = Authorization;
			sourceTree = "<group>";
		};
		C4317B282A441AA300DA8C2F /* App utils */ = {
			isa = PBXGroup;
			children = (
				C4317B0E2A44027500DA8C2F /* MobioOwnApp.swift */,
				C4317B102A44027500DA8C2F /* ContentView.swift */,
			);
			path = "App utils";
			sourceTree = "<group>";
		};
		C4317B292A45543E00DA8C2F /* Screens */ = {
			isa = PBXGroup;
			children = (
				C4487D6D2A46069B0031FE42 /* Starter */,
				C4317B272A441A7F00DA8C2F /* Authorization */,
				C4317B362A45574200DA8C2F /* Home */,
			);
			path = Screens;
			sourceTree = "<group>";
		};
		C4317B2A2A45550A00DA8C2F /* Networking */ = {
			isa = PBXGroup;
			children = (
				C4317B2B2A45551A00DA8C2F /* NetworkManager.swift */,
			);
			path = Networking;
			sourceTree = "<group>";
		};
		C4317B302A45554C00DA8C2F /* Models */ = {
			isa = PBXGroup;
			children = (
				C4317B312A45555700DA8C2F /* TokenModel.swift */,
				C4980C3B2A498F8500307882 /* RegistrationModel.swift */,
				C4A3E9F32A4AABA800F75357 /* HomeScreenModel.swift */,
				C4A4FFEF2A53F08800A23F87 /* MainProductsModel.swift */,
				C4A4FFF42A5557AA00A23F87 /* MainChildProductsModel.swift */,
				C4492BB12A5BCC6F001850EE /* CategoryProductsModel.swift */,
				C4492BBD2A5C2A59001850EE /* ProductModel.swift */,
			);
			path = Models;
			sourceTree = "<group>";
		};
		C4317B332A45557D00DA8C2F /* Storage */ = {
			isa = PBXGroup;
			children = (
				C4317B342A45558F00DA8C2F /* UserDefaultsManager.swift */,
			);
			path = Storage;
			sourceTree = "<group>";
		};
		C4317B362A45574200DA8C2F /* Home */ = {
			isa = PBXGroup;
			children = (
				C4C775FB2A4AA0730040F75E /* Details */,
				C4317B372A45575100DA8C2F /* HomeScreen.swift */,
				C4487D7A2A4612D30031FE42 /* HomeScreenViewModel.swift */,
				C4A3E9F72A4AB62E00F75357 /* Home Section */,
				C42166D82A56D402009DE86D /* Search Section */,
				C4F3D36C2A5D15750031E939 /* Basket Section */,
			);
			path = Home;
			sourceTree = "<group>";
		};
		C4317B392A45585300DA8C2F /* Login */ = {
			isa = PBXGroup;
			children = (
				C4317B232A44168B00DA8C2F /* LoginView.swift */,
				C4317B3A2A45586000DA8C2F /* LoginViewModel.swift */,
			);
			path = Login;
			sourceTree = "<group>";
		};
		C4487D6D2A46069B0031FE42 /* Starter */ = {
			isa = PBXGroup;
			children = (
				C4487D6E2A4606BD0031FE42 /* StarterScreen.swift */,
				C4487D722A460D380031FE42 /* StarterScreenViewModel.swift */,
			);
			path = Starter;
			sourceTree = "<group>";
		};
		C4487D7C2A494EA10031FE42 /* Registration */ = {
			isa = PBXGroup;
			children = (
				C4317B252A4416B500DA8C2F /* RegistrationView.swift */,
				C4B2A3032A49753B006761C4 /* RegistrationViewModel.swift */,
			);
			path = Registration;
			sourceTree = "<group>";
		};
		C4492BB32A5BDCC3001850EE /* CategoryDetailView */ = {
			isa = PBXGroup;
			children = (
				C4492BB42A5BDCD6001850EE /* CategoryDetailView.swift */,
				C4492BB62A5BDCF6001850EE /* CategoryDetailViewModel.swift */,
			);
			path = CategoryDetailView;
			sourceTree = "<group>";
		};
		C4492BBA2A5C2308001850EE /* DetailProduct */ = {
			isa = PBXGroup;
			children = (
				C4492BB82A5C22DC001850EE /* DetailProduct.swift */,
				C4492BBB2A5C231C001850EE /* DetailProductViewModel.swift */,
			);
			path = DetailProduct;
			sourceTree = "<group>";
		};
		C4A3E9F72A4AB62E00F75357 /* Home Section */ = {
			isa = PBXGroup;
			children = (
				C4492BB32A5BDCC3001850EE /* CategoryDetailView */,
				C4F4CE542A53DBF000633965 /* DetailCategory */,
				C4A4FFEA2A53EF1A00A23F87 /* MainProducts */,
				C4A4FFF62A55712D00A23F87 /* ChildProducts */,
				C4A3E9F52A4AB62A00F75357 /* HomeViewSection.swift */,
				C4A3E9F82A4AB6D400F75357 /* HomeViewSectionViewModel.swift */,
			);
			path = "Home Section";
			sourceTree = "<group>";
		};
		C4A4FFEA2A53EF1A00A23F87 /* MainProducts */ = {
			isa = PBXGroup;
			children = (
				C4A4FFF12A55420B00A23F87 /* Cell */,
				C4A4FFEB2A53EF3300A23F87 /* MainProductsView.swift */,
				C4A4FFED2A53EF7E00A23F87 /* MainProductsViewModel.swift */,
			);
			path = MainProducts;
			sourceTree = "<group>";
		};
		C4A4FFF12A55420B00A23F87 /* Cell */ = {
			isa = PBXGroup;
			children = (
				C4A4FFF22A55421600A23F87 /* MainProductsCard.swift */,
			);
			path = Cell;
			sourceTree = "<group>";
		};
		C4A4FFF62A55712D00A23F87 /* ChildProducts */ = {
			isa = PBXGroup;
			children = (
				C4A4FFF72A55715B00A23F87 /* ChildProductsView.swift */,
				C4A4FFF92A55718400A23F87 /* ChildProductsViewModel.swift */,
			);
			path = ChildProducts;
			sourceTree = "<group>";
		};
		C4C775FB2A4AA0730040F75E /* Details */ = {
			isa = PBXGroup;
			children = (
				C4C775FC2A4AA0A20040F75E /* TabbarView.swift */,
			);
			path = Details;
			sourceTree = "<group>";
		};
		C4F3D36C2A5D15750031E939 /* Basket Section */ = {
			isa = PBXGroup;
			children = (
				C4F3D36F2A5D16400031E939 /* empty.json */,
				C4F3D36D2A5D15CE0031E939 /* BasketViewSection.swift */,
			);
			path = "Basket Section";
			sourceTree = "<group>";
		};
		C4F4CE542A53DBF000633965 /* DetailCategory */ = {
			isa = PBXGroup;
			children = (
				C4F4CE552A53DC0400633965 /* DetailCategoryScreen.swift */,
				C4492BBA2A5C2308001850EE /* DetailProduct */,
			);
			path = DetailCategory;
			sourceTree = "<group>";
		};
/* End PBXGroup section */

/* Begin PBXNativeTarget section */
		C4317B0A2A44027500DA8C2F /* MobioOwn */ = {
			isa = PBXNativeTarget;
			buildConfigurationList = C4317B192A44027700DA8C2F /* Build configuration list for PBXNativeTarget "MobioOwn" */;
			buildPhases = (
				C4317B072A44027500DA8C2F /* Sources */,
				C4317B082A44027500DA8C2F /* Frameworks */,
				C4317B092A44027500DA8C2F /* Resources */,
			);
			buildRules = (
			);
			dependencies = (
			);
			name = MobioOwn;
			packageProductDependencies = (
				C4317B1D2A44089000DA8C2F /* SlidingTabView */,
				C4317B2E2A45553E00DA8C2F /* Alamofire */,
				C4317B3D2A4559AE00DA8C2F /* CustomAlert */,
				C4F4CE522A52A02D00633965 /* SDWebImageSwiftUI */,
				C42166DC2A56E28F009DE86D /* Lottie */,
			);
			productName = MobioOwn;
			productReference = C4317B0B2A44027500DA8C2F /* MobioOwn.app */;
			productType = "com.apple.product-type.application";
		};
/* End PBXNativeTarget section */

/* Begin PBXProject section */
		C4317B032A44027500DA8C2F /* Project object */ = {
			isa = PBXProject;
			attributes = {
				BuildIndependentTargetsInParallel = 1;
				LastSwiftUpdateCheck = 1430;
				LastUpgradeCheck = 1430;
				TargetAttributes = {
					C4317B0A2A44027500DA8C2F = {
						CreatedOnToolsVersion = 14.3.1;
					};
				};
			};
			buildConfigurationList = C4317B062A44027500DA8C2F /* Build configuration list for PBXProject "MobioOwn" */;
			compatibilityVersion = "Xcode 14.0";
			developmentRegion = en;
			hasScannedForEncodings = 0;
			knownRegions = (
				en,
				Base,
			);
			mainGroup = C4317B022A44027500DA8C2F;
			packageReferences = (
				C4317B1C2A44088F00DA8C2F /* XCRemoteSwiftPackageReference "SlidingTabView" */,
				C4317B2D2A45553E00DA8C2F /* XCRemoteSwiftPackageReference "Alamofire" */,
				C4317B3C2A4559AE00DA8C2F /* XCRemoteSwiftPackageReference "CustomAlert" */,
				C4F4CE512A52A02D00633965 /* XCRemoteSwiftPackageReference "SDWebImageSwiftUI" */,
				C42166DB2A56E28E009DE86D /* XCRemoteSwiftPackageReference "lottie-ios" */,
			);
			productRefGroup = C4317B0C2A44027500DA8C2F /* Products */;
			projectDirPath = "";
			projectRoot = "";
			targets = (
				C4317B0A2A44027500DA8C2F /* MobioOwn */,
			);
		};
/* End PBXProject section */

/* Begin PBXResourcesBuildPhase section */
		C4317B092A44027500DA8C2F /* Resources */ = {
			isa = PBXResourcesBuildPhase;
			buildActionMask = 2147483647;
			files = (
				C42166DF2A56E3B2009DE86D /* search.json in Resources */,
				C4F3D3702A5D16400031E939 /* empty.json in Resources */,
				C4317B162A44027700DA8C2F /* Preview Assets.xcassets in Resources */,
				C4317B132A44027700DA8C2F /* Assets.xcassets in Resources */,
			);
			runOnlyForDeploymentPostprocessing = 0;
		};
/* End PBXResourcesBuildPhase section */

/* Begin PBXSourcesBuildPhase section */
		C4317B072A44027500DA8C2F /* Sources */ = {
			isa = PBXSourcesBuildPhase;
			buildActionMask = 2147483647;
			files = (
				C42166DA2A56D41C009DE86D /* SearchViewSection.swift in Sources */,
				C4492BB22A5BCC6F001850EE /* CategoryProductsModel.swift in Sources */,
				C4487D7B2A4612D30031FE42 /* HomeScreenViewModel.swift in Sources */,
				C4317B202A440DEF00DA8C2F /* TestView.swift in Sources */,
				C4F4CE562A53DC0400633965 /* DetailCategoryScreen.swift in Sources */,
				C4317B112A44027500DA8C2F /* ContentView.swift in Sources */,
				C4317B3B2A45586000DA8C2F /* LoginViewModel.swift in Sources */,
				C4A4FFF52A5557AA00A23F87 /* MainChildProductsModel.swift in Sources */,
				C4A4FFF82A55715B00A23F87 /* ChildProductsView.swift in Sources */,
				C4A4FFF32A55421600A23F87 /* MainProductsCard.swift in Sources */,
				C4487D732A460D380031FE42 /* StarterScreenViewModel.swift in Sources */,
				C4487D772A46109E0031FE42 /* AuthorizationScreen.swift in Sources */,
				C4A3E9F92A4AB6D400F75357 /* HomeViewSectionViewModel.swift in Sources */,
				C4492BBC2A5C231C001850EE /* DetailProductViewModel.swift in Sources */,
				C4A4FFFA2A55718400A23F87 /* ChildProductsViewModel.swift in Sources */,
				C4A3E9F62A4AB62A00F75357 /* HomeViewSection.swift in Sources */,
				C4317B0F2A44027500DA8C2F /* MobioOwnApp.swift in Sources */,
				C4317B2C2A45551A00DA8C2F /* NetworkManager.swift in Sources */,
				C4317B262A4416B500DA8C2F /* RegistrationView.swift in Sources */,
				C4492BBE2A5C2A59001850EE /* ProductModel.swift in Sources */,
				C4492BB52A5BDCD6001850EE /* CategoryDetailView.swift in Sources */,
				C4317B352A45558F00DA8C2F /* UserDefaultsManager.swift in Sources */,
				C4B2A3042A49753B006761C4 /* RegistrationViewModel.swift in Sources */,
				C4492BB72A5BDCF6001850EE /* CategoryDetailViewModel.swift in Sources */,
				C4487D6F2A4606BD0031FE42 /* StarterScreen.swift in Sources */,
				C4C775FD2A4AA0A20040F75E /* TabbarView.swift in Sources */,
				C4A4FFEE2A53EF7E00A23F87 /* MainProductsViewModel.swift in Sources */,
				C4492BB92A5C22DC001850EE /* DetailProduct.swift in Sources */,
				C4317B382A45575100DA8C2F /* HomeScreen.swift in Sources */,
				C4A3E9F42A4AABA800F75357 /* HomeScreenModel.swift in Sources */,
				C4317B322A45555800DA8C2F /* TokenModel.swift in Sources */,
				C4A4FFF02A53F08800A23F87 /* MainProductsModel.swift in Sources */,
				C4F3D36E2A5D15CE0031E939 /* BasketViewSection.swift in Sources */,
				C4980C3C2A498F8500307882 /* RegistrationModel.swift in Sources */,
				C4317B242A44168B00DA8C2F /* LoginView.swift in Sources */,
				C4A4FFEC2A53EF3300A23F87 /* MainProductsView.swift in Sources */,
			);
			runOnlyForDeploymentPostprocessing = 0;
		};
/* End PBXSourcesBuildPhase section */

/* Begin XCBuildConfiguration section */
		C4317B172A44027700DA8C2F /* Debug */ = {
			isa = XCBuildConfiguration;
			buildSettings = {
				ALWAYS_SEARCH_USER_PATHS = NO;
				CLANG_ANALYZER_NONNULL = YES;
				CLANG_ANALYZER_NUMBER_OBJECT_CONVERSION = YES_AGGRESSIVE;
				CLANG_CXX_LANGUAGE_STANDARD = "gnu++20";
				CLANG_ENABLE_MODULES = YES;
				CLANG_ENABLE_OBJC_ARC = YES;
				CLANG_ENABLE_OBJC_WEAK = YES;
				CLANG_WARN_BLOCK_CAPTURE_AUTORELEASING = YES;
				CLANG_WARN_BOOL_CONVERSION = YES;
				CLANG_WARN_COMMA = YES;
				CLANG_WARN_CONSTANT_CONVERSION = YES;
				CLANG_WARN_DEPRECATED_OBJC_IMPLEMENTATIONS = YES;
				CLANG_WARN_DIRECT_OBJC_ISA_USAGE = YES_ERROR;
				CLANG_WARN_DOCUMENTATION_COMMENTS = YES;
				CLANG_WARN_EMPTY_BODY = YES;
				CLANG_WARN_ENUM_CONVERSION = YES;
				CLANG_WARN_INFINITE_RECURSION = YES;
				CLANG_WARN_INT_CONVERSION = YES;
				CLANG_WARN_NON_LITERAL_NULL_CONVERSION = YES;
				CLANG_WARN_OBJC_IMPLICIT_RETAIN_SELF = YES;
				CLANG_WARN_OBJC_LITERAL_CONVERSION = YES;
				CLANG_WARN_OBJC_ROOT_CLASS = YES_ERROR;
				CLANG_WARN_QUOTED_INCLUDE_IN_FRAMEWORK_HEADER = YES;
				CLANG_WARN_RANGE_LOOP_ANALYSIS = YES;
				CLANG_WARN_STRICT_PROTOTYPES = YES;
				CLANG_WARN_SUSPICIOUS_MOVE = YES;
				CLANG_WARN_UNGUARDED_AVAILABILITY = YES_AGGRESSIVE;
				CLANG_WARN_UNREACHABLE_CODE = YES;
				CLANG_WARN__DUPLICATE_METHOD_MATCH = YES;
				COPY_PHASE_STRIP = NO;
				DEBUG_INFORMATION_FORMAT = dwarf;
				ENABLE_STRICT_OBJC_MSGSEND = YES;
				ENABLE_TESTABILITY = YES;
				GCC_C_LANGUAGE_STANDARD = gnu11;
				GCC_DYNAMIC_NO_PIC = NO;
				GCC_NO_COMMON_BLOCKS = YES;
				GCC_OPTIMIZATION_LEVEL = 0;
				GCC_PREPROCESSOR_DEFINITIONS = (
					"DEBUG=1",
					"$(inherited)",
				);
				GCC_WARN_64_TO_32_BIT_CONVERSION = YES;
				GCC_WARN_ABOUT_RETURN_TYPE = YES_ERROR;
				GCC_WARN_UNDECLARED_SELECTOR = YES;
				GCC_WARN_UNINITIALIZED_AUTOS = YES_AGGRESSIVE;
				GCC_WARN_UNUSED_FUNCTION = YES;
				GCC_WARN_UNUSED_VARIABLE = YES;
				IPHONEOS_DEPLOYMENT_TARGET = 16.4;
				MTL_ENABLE_DEBUG_INFO = INCLUDE_SOURCE;
				MTL_FAST_MATH = YES;
				ONLY_ACTIVE_ARCH = YES;
				SDKROOT = iphoneos;
				SWIFT_ACTIVE_COMPILATION_CONDITIONS = DEBUG;
				SWIFT_OPTIMIZATION_LEVEL = "-Onone";
			};
			name = Debug;
		};
		C4317B182A44027700DA8C2F /* Release */ = {
			isa = XCBuildConfiguration;
			buildSettings = {
				ALWAYS_SEARCH_USER_PATHS = NO;
				CLANG_ANALYZER_NONNULL = YES;
				CLANG_ANALYZER_NUMBER_OBJECT_CONVERSION = YES_AGGRESSIVE;
				CLANG_CXX_LANGUAGE_STANDARD = "gnu++20";
				CLANG_ENABLE_MODULES = YES;
				CLANG_ENABLE_OBJC_ARC = YES;
				CLANG_ENABLE_OBJC_WEAK = YES;
				CLANG_WARN_BLOCK_CAPTURE_AUTORELEASING = YES;
				CLANG_WARN_BOOL_CONVERSION = YES;
				CLANG_WARN_COMMA = YES;
				CLANG_WARN_CONSTANT_CONVERSION = YES;
				CLANG_WARN_DEPRECATED_OBJC_IMPLEMENTATIONS = YES;
				CLANG_WARN_DIRECT_OBJC_ISA_USAGE = YES_ERROR;
				CLANG_WARN_DOCUMENTATION_COMMENTS = YES;
				CLANG_WARN_EMPTY_BODY = YES;
				CLANG_WARN_ENUM_CONVERSION = YES;
				CLANG_WARN_INFINITE_RECURSION = YES;
				CLANG_WARN_INT_CONVERSION = YES;
				CLANG_WARN_NON_LITERAL_NULL_CONVERSION = YES;
				CLANG_WARN_OBJC_IMPLICIT_RETAIN_SELF = YES;
				CLANG_WARN_OBJC_LITERAL_CONVERSION = YES;
				CLANG_WARN_OBJC_ROOT_CLASS = YES_ERROR;
				CLANG_WARN_QUOTED_INCLUDE_IN_FRAMEWORK_HEADER = YES;
				CLANG_WARN_RANGE_LOOP_ANALYSIS = YES;
				CLANG_WARN_STRICT_PROTOTYPES = YES;
				CLANG_WARN_SUSPICIOUS_MOVE = YES;
				CLANG_WARN_UNGUARDED_AVAILABILITY = YES_AGGRESSIVE;
				CLANG_WARN_UNREACHABLE_CODE = YES;
				CLANG_WARN__DUPLICATE_METHOD_MATCH = YES;
				COPY_PHASE_STRIP = NO;
				DEBUG_INFORMATION_FORMAT = "dwarf-with-dsym";
				ENABLE_NS_ASSERTIONS = NO;
				ENABLE_STRICT_OBJC_MSGSEND = YES;
				GCC_C_LANGUAGE_STANDARD = gnu11;
				GCC_NO_COMMON_BLOCKS = YES;
				GCC_WARN_64_TO_32_BIT_CONVERSION = YES;
				GCC_WARN_ABOUT_RETURN_TYPE = YES_ERROR;
				GCC_WARN_UNDECLARED_SELECTOR = YES;
				GCC_WARN_UNINITIALIZED_AUTOS = YES_AGGRESSIVE;
				GCC_WARN_UNUSED_FUNCTION = YES;
				GCC_WARN_UNUSED_VARIABLE = YES;
				IPHONEOS_DEPLOYMENT_TARGET = 16.4;
				MTL_ENABLE_DEBUG_INFO = NO;
				MTL_FAST_MATH = YES;
				SDKROOT = iphoneos;
				SWIFT_COMPILATION_MODE = wholemodule;
				SWIFT_OPTIMIZATION_LEVEL = "-O";
				VALIDATE_PRODUCT = YES;
			};
			name = Release;
		};
		C4317B1A2A44027700DA8C2F /* Debug */ = {
			isa = XCBuildConfiguration;
			buildSettings = {
				ASSETCATALOG_COMPILER_APPICON_NAME = AppIcon;
				ASSETCATALOG_COMPILER_GLOBAL_ACCENT_COLOR_NAME = AccentColor;
				CODE_SIGN_STYLE = Automatic;
				CURRENT_PROJECT_VERSION = 1;
				DEVELOPMENT_ASSET_PATHS = "\"MobioOwn/Preview Content\"";
				DEVELOPMENT_TEAM = 65S9DA897H;
				ENABLE_PREVIEWS = YES;
				GENERATE_INFOPLIST_FILE = YES;
				INFOPLIST_KEY_UIApplicationSceneManifest_Generation = YES;
				INFOPLIST_KEY_UIApplicationSupportsIndirectInputEvents = YES;
				INFOPLIST_KEY_UILaunchScreen_Generation = YES;
				INFOPLIST_KEY_UISupportedInterfaceOrientations_iPad = "UIInterfaceOrientationPortrait UIInterfaceOrientationPortraitUpsideDown UIInterfaceOrientationLandscapeLeft UIInterfaceOrientationLandscapeRight";
				INFOPLIST_KEY_UISupportedInterfaceOrientations_iPhone = "UIInterfaceOrientationPortrait UIInterfaceOrientationLandscapeLeft UIInterfaceOrientationLandscapeRight";
				LD_RUNPATH_SEARCH_PATHS = (
					"$(inherited)",
					"@executable_path/Frameworks",
				);
				MARKETING_VERSION = 1.0;
				PRODUCT_BUNDLE_IDENTIFIER = com.zekhniddin.MobioOwn;
				PRODUCT_NAME = "$(TARGET_NAME)";
				SWIFT_EMIT_LOC_STRINGS = YES;
				SWIFT_VERSION = 5.0;
				TARGETED_DEVICE_FAMILY = "1,2";
			};
			name = Debug;
		};
		C4317B1B2A44027700DA8C2F /* Release */ = {
			isa = XCBuildConfiguration;
			buildSettings = {
				ASSETCATALOG_COMPILER_APPICON_NAME = AppIcon;
				ASSETCATALOG_COMPILER_GLOBAL_ACCENT_COLOR_NAME = AccentColor;
				CODE_SIGN_STYLE = Automatic;
				CURRENT_PROJECT_VERSION = 1;
				DEVELOPMENT_ASSET_PATHS = "\"MobioOwn/Preview Content\"";
				DEVELOPMENT_TEAM = 65S9DA897H;
				ENABLE_PREVIEWS = YES;
				GENERATE_INFOPLIST_FILE = YES;
				INFOPLIST_KEY_UIApplicationSceneManifest_Generation = YES;
				INFOPLIST_KEY_UIApplicationSupportsIndirectInputEvents = YES;
				INFOPLIST_KEY_UILaunchScreen_Generation = YES;
				INFOPLIST_KEY_UISupportedInterfaceOrientations_iPad = "UIInterfaceOrientationPortrait UIInterfaceOrientationPortraitUpsideDown UIInterfaceOrientationLandscapeLeft UIInterfaceOrientationLandscapeRight";
				INFOPLIST_KEY_UISupportedInterfaceOrientations_iPhone = "UIInterfaceOrientationPortrait UIInterfaceOrientationLandscapeLeft UIInterfaceOrientationLandscapeRight";
				LD_RUNPATH_SEARCH_PATHS = (
					"$(inherited)",
					"@executable_path/Frameworks",
				);
				MARKETING_VERSION = 1.0;
				PRODUCT_BUNDLE_IDENTIFIER = com.zekhniddin.MobioOwn;
				PRODUCT_NAME = "$(TARGET_NAME)";
				SWIFT_EMIT_LOC_STRINGS = YES;
				SWIFT_VERSION = 5.0;
				TARGETED_DEVICE_FAMILY = "1,2";
			};
			name = Release;
		};
/* End XCBuildConfiguration section */

/* Begin XCConfigurationList section */
		C4317B062A44027500DA8C2F /* Build configuration list for PBXProject "MobioOwn" */ = {
			isa = XCConfigurationList;
			buildConfigurations = (
				C4317B172A44027700DA8C2F /* Debug */,
				C4317B182A44027700DA8C2F /* Release */,
			);
			defaultConfigurationIsVisible = 0;
			defaultConfigurationName = Release;
		};
		C4317B192A44027700DA8C2F /* Build configuration list for PBXNativeTarget "MobioOwn" */ = {
			isa = XCConfigurationList;
			buildConfigurations = (
				C4317B1A2A44027700DA8C2F /* Debug */,
				C4317B1B2A44027700DA8C2F /* Release */,
			);
			defaultConfigurationIsVisible = 0;
			defaultConfigurationName = Release;
		};
/* End XCConfigurationList section */

/* Begin XCRemoteSwiftPackageReference section */
		C42166DB2A56E28E009DE86D /* XCRemoteSwiftPackageReference "lottie-ios" */ = {
			isa = XCRemoteSwiftPackageReference;
			repositoryURL = "https://github.com/airbnb/lottie-ios.git";
			requirement = {
				kind = upToNextMajorVersion;
				minimumVersion = 4.0.0;
			};
		};
		C4317B1C2A44088F00DA8C2F /* XCRemoteSwiftPackageReference "SlidingTabView" */ = {
			isa = XCRemoteSwiftPackageReference;
			repositoryURL = "https://github.com/QuynhNguyen/SlidingTabView";
			requirement = {
				kind = upToNextMajorVersion;
				minimumVersion = 1.0.0;
			};
		};
		C4317B2D2A45553E00DA8C2F /* XCRemoteSwiftPackageReference "Alamofire" */ = {
			isa = XCRemoteSwiftPackageReference;
			repositoryURL = "https://github.com/Alamofire/Alamofire";
			requirement = {
				kind = upToNextMajorVersion;
				minimumVersion = 5.0.0;
			};
		};
		C4317B3C2A4559AE00DA8C2F /* XCRemoteSwiftPackageReference "CustomAlert" */ = {
			isa = XCRemoteSwiftPackageReference;
			repositoryURL = "https://github.com/divadretlaw/CustomAlert";
			requirement = {
				branch = main;
				kind = branch;
			};
		};
		C4F4CE512A52A02D00633965 /* XCRemoteSwiftPackageReference "SDWebImageSwiftUI" */ = {
			isa = XCRemoteSwiftPackageReference;
			repositoryURL = "https://github.com/SDWebImage/SDWebImageSwiftUI";
			requirement = {
				kind = upToNextMajorVersion;
				minimumVersion = 2.0.0;
			};
		};
/* End XCRemoteSwiftPackageReference section */

/* Begin XCSwiftPackageProductDependency section */
		C42166DC2A56E28F009DE86D /* Lottie */ = {
			isa = XCSwiftPackageProductDependency;
			package = C42166DB2A56E28E009DE86D /* XCRemoteSwiftPackageReference "lottie-ios" */;
			productName = Lottie;
		};
		C4317B1D2A44089000DA8C2F /* SlidingTabView */ = {
			isa = XCSwiftPackageProductDependency;
			package = C4317B1C2A44088F00DA8C2F /* XCRemoteSwiftPackageReference "SlidingTabView" */;
			productName = SlidingTabView;
		};
		C4317B2E2A45553E00DA8C2F /* Alamofire */ = {
			isa = XCSwiftPackageProductDependency;
			package = C4317B2D2A45553E00DA8C2F /* XCRemoteSwiftPackageReference "Alamofire" */;
			productName = Alamofire;
		};
		C4317B3D2A4559AE00DA8C2F /* CustomAlert */ = {
			isa = XCSwiftPackageProductDependency;
			package = C4317B3C2A4559AE00DA8C2F /* XCRemoteSwiftPackageReference "CustomAlert" */;
			productName = CustomAlert;
		};
		C4F4CE522A52A02D00633965 /* SDWebImageSwiftUI */ = {
			isa = XCSwiftPackageProductDependency;
			package = C4F4CE512A52A02D00633965 /* XCRemoteSwiftPackageReference "SDWebImageSwiftUI" */;
			productName = SDWebImageSwiftUI;
		};
/* End XCSwiftPackageProductDependency section */
	};
	rootObject = C4317B032A44027500DA8C2F /* Project object */;
}
